
Microsoft Visual Studio Solution File, Format Version 12.00
# Visual Studio Version 17
VisualStudioVersion = 17.7.34009.444
MinimumVisualStudioVersion = 10.0.40219.1
Project("{FAE04EC0-301F-11D3-BF4B-00C04F79EFBC}") = "ls-poo-features", "ls-poo-features\ls-poo-features.csproj", "{0A1269D6-2B26-4318-80F8-9411F2EE05E9}"
EndProject
Global
	GlobalSection(SolutionConfigurationPlatforms) = preSolution
		Debug|Any CPU = Debug|Any CPU
		Release|Any CPU = Release|Any CPU
	EndGlobalSection
	GlobalSection(ProjectConfigurationPlatforms) = postSolution
		{0A1269D6-2B26-4318-80F8-9411F2EE05E9}.Debug|Any CPU.ActiveCfg = Debug|Any CPU
		{0A1269D6-2B26-4318-80F8-9411F2EE05E9}.Debug|Any CPU.Build.0 = Debug|Any CPU
		{0A1269D6-2B26-4318-80F8-9411F2EE05E9}.Release|Any CPU.ActiveCfg = Release|Any CPU
		{0A1269D6-2B26-4318-80F8-9411F2EE05E9}.Release|Any CPU.Build.0 = Release|Any CPU
	EndGlobalSection
	GlobalSection(SolutionProperties) = preSolution
		HideSolutionNode = FALSE
	EndGlobalSection
	GlobalSection(ExtensibilityGlobals) = postSolution
		SolutionGuid = {5EBD8A66-BE0B-48B0-B5DE-C634135B4213}
	EndGlobalSection
EndGlobal
